
Microsoft Visual Studio Solution File, Format Version 12.00
Project("{2150E333-8FDC-42A3-9474-1A3956D46DE8}") = "FileMicroservice", "FileMicroservice", "{3D9C832B-36E8-47FA-97CE-F16350950AFE}"
EndProject
Project("{FAE04EC0-301F-11D3-BF4B-00C04F79EFBC}") = "FileMicroservice.Api", "FileMicroservice.Api\FileMicroservice.Api.csproj", "{D7DD17E0-54BA-4BA3-A09A-713500081D03}"
EndProject
Project("{2150E333-8FDC-42A3-9474-1A3956D46DE8}") = "Docker", "Docker", "{094E9C76-AA73-4ABB-9988-D3A89DBF7CDD}"
	ProjectSection(SolutionItems) = preProject
		Docker\docker-compose.yaml = Docker\docker-compose.yaml
		Docker\.env = Docker\.env
	EndProjectSection
EndProject
Global
	GlobalSection(SolutionConfigurationPlatforms) = preSolution
		Debug|Any CPU = Debug|Any CPU
		Release|Any CPU = Release|Any CPU
	EndGlobalSection
	GlobalSection(ProjectConfigurationPlatforms) = postSolution
		{D7DD17E0-54BA-4BA3-A09A-713500081D03}.Debug|Any CPU.ActiveCfg = Debug|Any CPU
		{D7DD17E0-54BA-4BA3-A09A-713500081D03}.Debug|Any CPU.Build.0 = Debug|Any CPU
		{D7DD17E0-54BA-4BA3-A09A-713500081D03}.Release|Any CPU.ActiveCfg = Release|Any CPU
		{D7DD17E0-54BA-4BA3-A09A-713500081D03}.Release|Any CPU.Build.0 = Release|Any CPU
	EndGlobalSection
	GlobalSection(NestedProjects) = preSolution
		{D7DD17E0-54BA-4BA3-A09A-713500081D03} = {3D9C832B-36E8-47FA-97CE-F16350950AFE}
	EndGlobalSection
EndGlobal
